PODS:
  - iOSSnapshotTestCase (6.2.0):
    - iOSSnapshotTestCase/SwiftSupport (= 6.2.0)
  - iOSSnapshotTestCase/Core (6.2.0)
  - iOSSnapshotTestCase/SwiftSupport (6.2.0):
    - iOSSnapshotTestCase/Core
  - Nimble (8.0.9)
  - Nimble-Snapshots (8.2.0):
    - Nimble-Snapshots/Core (= 8.2.0)
  - Nimble-Snapshots/Core (8.2.0):
    - iOSSnapshotTestCase (~> 6.0)
    - Nimble (~> 8.0)
  - Quick (2.2.0)

DEPENDENCIES:
  - Nimble
  - Nimble-Snapshots
  - Quick

SPEC REPOS:
  trunk:
    - iOSSnapshotTestCase
    - Nimble
    - Nimble-Snapshots
    - Quick

SPEC CHECKSUMS:
  iOSSnapshotTestCase: 9ab44cb5aa62b84d31847f40680112e15ec579a6
  Nimble: 98b888285a615fd34f20e61753cf58ea1402bde4
  Nimble-Snapshots: 7a1133b2dcce853ecdf1026f0a17fedf03bc41c9
  Quick: 7fb19e13be07b5dfb3b90d4f9824c855a11af40e

PODFILE CHECKSUM: 81a4f19c71b8f91b97e94f60cbcebf72546832ed

COCOAPODS: 1.8.4
